
Microsoft Visual Studio Solution File, Format Version 12.00
# Visual Studio Version 16
VisualStudioVersion = 16.0.30804.86
MinimumVisualStudioVersion = 10.0.40219.1
Project("{FAE04EC0-301F-11D3-BF4B-00C04F79EFBC}") = "Extensions", "Extensions.csproj", "{01992A80-457F-46F7-B9AB-78CEFEF05B22}"
EndProject
Global
	GlobalSection(SolutionConfigurationPlatforms) = preSolution
		Debug|Any CPU = Debug|Any CPU
		Release|Any CPU = Release|Any CPU
	EndGlobalSection
	GlobalSection(ProjectConfigurationPlatforms) = postSolution
		{01992A80-457F-46F7-B9AB-78CEFEF05B22}.Debug|Any CPU.ActiveCfg = Debug|Any CPU
		{01992A80-457F-46F7-B9AB-78CEFEF05B22}.Debug|Any CPU.Build.0 = Debug|Any CPU
		{01992A80-457F-46F7-B9AB-78CEFEF05B22}.Release|Any CPU.ActiveCfg = Release|Any CPU
		{01992A80-457F-46F7-B9AB-78CEFEF05B22}.Release|Any CPU.Build.0 = Release|Any CPU
	EndGlobalSection
	GlobalSection(SolutionProperties) = preSolution
		HideSolutionNode = FALSE
	EndGlobalSection
	GlobalSection(ExtensibilityGlobals) = postSolution
		SolutionGuid = {EAA949A5-31F6-48C5-8F12-ABD4173AC012}
	EndGlobalSection
EndGlobal
