
Microsoft Visual Studio Solution File, Format Version 12.00
# Visual Studio Version 16
VisualStudioVersion = 16.0.30225.117
MinimumVisualStudioVersion = 10.0.40219.1
Project("{FAE04EC0-301F-11D3-BF4B-00C04F79EFBC}") = "ADO.NET", "ADO.NET.csproj", "{F65A0C97-8EDD-45FA-AB7B-D492453B1596}"
EndProject
Global
	GlobalSection(SolutionConfigurationPlatforms) = preSolution
		Debug|Any CPU = Debug|Any CPU
		Release|Any CPU = Release|Any CPU
	EndGlobalSection
	GlobalSection(ProjectConfigurationPlatforms) = postSolution
		{F65A0C97-8EDD-45FA-AB7B-D492453B1596}.Debug|Any CPU.ActiveCfg = Debug|Any CPU
		{F65A0C97-8EDD-45FA-AB7B-D492453B1596}.Debug|Any CPU.Build.0 = Debug|Any CPU
		{F65A0C97-8EDD-45FA-AB7B-D492453B1596}.Release|Any CPU.ActiveCfg = Release|Any CPU
		{F65A0C97-8EDD-45FA-AB7B-D492453B1596}.Release|Any CPU.Build.0 = Release|Any CPU
	EndGlobalSection
	GlobalSection(SolutionProperties) = preSolution
		HideSolutionNode = FALSE
	EndGlobalSection
	GlobalSection(ExtensibilityGlobals) = postSolution
		SolutionGuid = {B58D8BF0-FC70-4962-A440-BCF6149DA474}
	EndGlobalSection
EndGlobal
